{
	"name": "integration",
	"version": "1.0.0",
	"lockfileVersion": 1,
	"requires": true,
	"dependencies": {
		"adler-32": {
			"version": "1.1.0",
			"resolved": "https://registry.npmjs.org/adler-32/-/adler-32-1.1.0.tgz",
			"integrity": "sha1-A1UaXH8O371PyPoSpoFJeOq2UcM=",
			"requires": {
				"exit-on-epipe": "1.0.1",
				"printj": "1.1.0"
			}
		},
		"asap": {
			"version": "2.0.6",
			"resolved": "https://registry.npmjs.org/asap/-/asap-2.0.6.tgz",
			"integrity": "sha1-5QNHYR1+aQlDIIu9r+vLwvuGbUY="
		},
		"buffer-writer": {
			"version": "1.0.1",
			"resolved": "https://registry.npmjs.org/buffer-writer/-/buffer-writer-1.0.1.tgz",
			"integrity": "sha1-Iqk2kB4wKa/NdUfrRIfOtpejvwg="
		},
		"caseless": {
			"version": "0.11.0",
			"resolved": "https://registry.npmjs.org/caseless/-/caseless-0.11.0.tgz",
			"integrity": "sha1-cVuW6phBWTzDMGeSP17GDr2k99c="
		},
		"cfb": {
			"version": "0.13.1",
			"resolved": "https://registry.npmjs.org/cfb/-/cfb-0.13.1.tgz",
			"integrity": "sha512-XG+CMeWTJo1clHKxxtMjXq8ttBdpueXr5MLakYkyCf+sc8Va4PD0bt2YhGsGwVr0vS8sHDDbLC8TXIF5dD2kEA==",
			"requires": {
				"commander": "2.11.0",
				"printj": "1.1.0"
			}
		},
		"codepage": {
			"version": "1.11.0",
			"resolved": "https://registry.npmjs.org/codepage/-/codepage-1.11.0.tgz",
			"integrity": "sha1-EHYJW58DtcoE9Dhz+hpid0IoXeI=",
			"requires": {
				"commander": "2.11.0",
				"exit-on-epipe": "1.0.1",
				"voc": "1.0.0"
			}
		},
		"command-exists": {
			"version": "1.2.2",
			"resolved": "https://registry.npmjs.org/command-exists/-/command-exists-1.2.2.tgz",
			"integrity": "sha1-EoGcZPr5VEbsCuB/5sr7brNwiyI="
		},
		"commander": {
			"version": "2.11.0",
			"resolved": "https://registry.npmjs.org/commander/-/commander-2.11.0.tgz",
			"integrity": "sha512-b0553uYA5YAEGgyYIGYROzKQ7X5RAqedkfjiZxwi0kL1g3bOaBNNZfYkzt/CL0umgD5wc9Jec2FbB98CjkMRvQ=="
		},
		"concat-stream": {
			"version": "1.6.0",
			"resolved": "https://registry.npmjs.org/concat-stream/-/concat-stream-1.6.0.tgz",
			"integrity": "sha1-CqxmL9Ur54lk1VMvaUeE5wEQrPc=",
			"requires": {
				"inherits": "2.0.3",
				"readable-stream": "2.3.3",
				"typedarray": "0.0.6"
			}
		},
		"core-util-is": {
			"version": "1.0.2",
			"resolved": "https://registry.npmjs.org/core-util-is/-/core-util-is-1.0.2.tgz",
			"integrity": "sha1-tf1UIgqivFq1eqtxQMlAdUUDwac="
		},
		"crc-32": {
			"version": "1.1.1",
			"resolved": "https://registry.npmjs.org/crc-32/-/crc-32-1.1.1.tgz",
			"integrity": "sha1-XXOdXkxuNSrYME1zIj1IP+Va240=",
			"requires": {
				"exit-on-epipe": "1.0.1",
				"printj": "1.1.0"
			}
		},
		"encoding": {
			"version": "0.1.12",
			"resolved": "https://registry.npmjs.org/encoding/-/encoding-0.1.12.tgz",
			"integrity": "sha1-U4tm8+5izRq1HsMjgp0flIDHS+s=",
			"requires": {
				"iconv-lite": "0.4.19"
			}
		},
		"exit-on-epipe": {
			"version": "1.0.1",
			"resolved": "https://registry.npmjs.org/exit-on-epipe/-/exit-on-epipe-1.0.1.tgz",
			"integrity": "sha512-h2z5mrROTxce56S+pnvAV890uu7ls7f1kEvVGJbw1OlFH3/mlJ5bkXu0KRyW94v37zzHPiUd55iLn3DA7TjWpw=="
		},
		"frac": {
			"version": "1.1.0",
			"resolved": "https://registry.npmjs.org/frac/-/frac-1.1.0.tgz",
			"integrity": "sha1-3EN+nGpka2CxJ9gqxJAkZERcweM=",
			"requires": {
				"voc": "1.0.0"
			}
		},
		"get-port": {
			"version": "3.2.0",
			"resolved": "https://registry.npmjs.org/get-port/-/get-port-3.2.0.tgz",
			"integrity": "sha1-3Xzn3hh8Bsi/NTeWrHHgmfCYDrw="
		},
		"graceful-fs": {
			"version": "4.1.11",
			"resolved": "https://registry.npmjs.org/graceful-fs/-/graceful-fs-4.1.11.tgz",
			"integrity": "sha1-Dovf5NHduIVNZOBOp8AOKgJuVlg=",
			"optional": true
		},
		"http-basic": {
			"version": "2.5.1",
			"resolved": "https://registry.npmjs.org/http-basic/-/http-basic-2.5.1.tgz",
			"integrity": "sha1-jORHvbW2xXf4pj4/p4BW7Eu02/s=",
			"requires": {
				"caseless": "0.11.0",
				"concat-stream": "1.6.0",
				"http-response-object": "1.1.0"
			}
		},
		"http-response-object": {
			"version": "1.1.0",
			"resolved": "https://registry.npmjs.org/http-response-object/-/http-response-object-1.1.0.tgz",
			"integrity": "sha1-p8TnWq6C87tJBOT0P2FWc7TVGMM="
		},
		"iconv-lite": {
			"version": "0.4.19",
			"resolved": "https://registry.npmjs.org/iconv-lite/-/iconv-lite-0.4.19.tgz",
			"integrity": "sha512-oTZqweIP51xaGPI4uPa56/Pri/480R+mo7SeU+YETByQNhDG55ycFyNLIgta9vXhILrxXDmF7ZGhqZIcuN0gJQ=="
		},
		"inherits": {
			"version": "2.0.3",
			"resolved": "https://registry.npmjs.org/inherits/-/inherits-2.0.3.tgz",
			"integrity": "sha1-Yzwsg+PaQqUC9SRmAiSA9CCCYd4="
		},
		"is-stream": {
			"version": "1.1.0",
			"resolved": "https://registry.npmjs.org/is-stream/-/is-stream-1.1.0.tgz",
			"integrity": "sha1-EtSj3U5o4Lec6428hBc66A2RykQ="
		},
		"isarray": {
			"version": "1.0.0",
			"resolved": "https://registry.npmjs.org/isarray/-/isarray-1.0.0.tgz",
			"integrity": "sha1-u5NdSFgsuhaMBoNJV6VKPgcSTxE="
		},
		"js-string-escape": {
			"version": "1.0.1",
			"resolved": "https://registry.npmjs.org/js-string-escape/-/js-string-escape-1.0.1.tgz",
			"integrity": "sha1-4mJbrbwNZ8dTPp7cEGjFh65BN+8="
		},
		"jsonfile": {
			"version": "4.0.0",
			"resolved": "https://registry.npmjs.org/jsonfile/-/jsonfile-4.0.0.tgz",
			"integrity": "sha1-h3Gq4HmbZAdrdmQPygWPnBDjPss=",
			"requires": {
				"graceful-fs": "4.1.11"
			}
		},
		"lodash": {
			"version": "4.17.4",
			"resolved": "https://registry.npmjs.org/lodash/-/lodash-4.17.4.tgz",
			"integrity": "sha1-eCA6TRwyiuHYbcpkYONptX9AVa4="
		},
		"manakin": {
			"version": "0.5.1",
			"resolved": "https://registry.npmjs.org/manakin/-/manakin-0.5.1.tgz",
			"integrity": "sha1-xKcRb2sA3z1fGjetPKUV0iBlplg="
		},
		"moment": {
			"version": "2.19.1",
			"resolved": "https://registry.npmjs.org/moment/-/moment-2.19.1.tgz",
			"integrity": "sha1-VtoaLRy/AdOLfhr8McELz6GSkWc="
		},
		"node-fetch": {
			"version": "1.7.3",
			"resolved": "https://registry.npmjs.org/node-fetch/-/node-fetch-1.7.3.tgz",
			"integrity": "sha512-NhZ4CsKx7cYm2vSrBAr2PvFOe6sWDf0UYLRqA6svUYg7+/TSfVAu49jYC4BvQ4Sms9SZgdqGBgroqfDhJdTyKQ==",
			"requires": {
				"encoding": "0.1.12",
				"is-stream": "1.1.0"
			}
		},
		"packet-reader": {
			"version": "0.3.1",
			"resolved": "https://registry.npmjs.org/packet-reader/-/packet-reader-0.3.1.tgz",
			"integrity": "sha1-zWLmCvjX/qinBexP+ZCHHEaHHyc="
		},
		"pg": {
			"version": "7.3.0",
			"resolved": "https://registry.npmjs.org/pg/-/pg-7.3.0.tgz",
			"integrity": "sha1-J14nRm5UpkX2tKFvasrfa4Sa2Ds=",
			"requires": {
				"buffer-writer": "1.0.1",
				"js-string-escape": "1.0.1",
				"packet-reader": "0.3.1",
				"pg-connection-string": "0.1.3",
				"pg-pool": "2.0.3",
				"pg-types": "1.12.1",
				"pgpass": "1.0.2",
				"semver": "4.3.2"
			}
		},
		"pg-connection-string": {
			"version": "0.1.3",
			"resolved": "https://registry.npmjs.org/pg-connection-string/-/pg-connection-string-0.1.3.tgz",
			"integrity": "sha1-2hhHsglA5C7hSSvq9l1J2RskXfc="
		},
		"pg-minify": {
			"version": "0.5.3",
			"resolved": "https://registry.npmjs.org/pg-minify/-/pg-minify-0.5.3.tgz",
			"integrity": "sha512-BTGuuNPjwYmmBUIARBShD3ergVVITmb+xgSA0x3vu7bsHkudBQcduiwnyjCRYAC/eycs7iw5pX6CchEi+cpguw=="
		},
		"pg-pool": {
			"version": "2.0.3",
			"resolved": "https://registry.npmjs.org/pg-pool/-/pg-pool-2.0.3.tgz",
			"integrity": "sha1-wCIDLIlJ8xKk+R+2QJzgQHa+Mlc="
		},
		"pg-promise": {
			"version": "6.10.3",
			"resolved": "https://registry.npmjs.org/pg-promise/-/pg-promise-6.10.3.tgz",
			"integrity": "sha512-lhavxStwxfSLfwrjbmHLWvYOIm5VvzNP7eqLYGpuBd8At9ybRyfdFLUCf7lorOXse6hO1FZuSuU/Ce8aleN/Zw==",
			"requires": {
				"manakin": "0.5.1",
				"pg": "7.3.0",
				"pg-minify": "0.5.3",
				"spex": "2.0.0"
			}
		},
		"pg-types": {
			"version": "1.12.1",
			"resolved": "https://registry.npmjs.org/pg-types/-/pg-types-1.12.1.tgz",
			"integrity": "sha1-1kCH45A7WP+q0nnnWVxSIIoUw9I=",
			"requires": {
				"postgres-array": "1.0.2",
				"postgres-bytea": "1.0.0",
				"postgres-date": "1.0.3",
				"postgres-interval": "1.1.1"
			}
		},
		"pgpass": {
			"version": "1.0.2",
			"resolved": "https://registry.npmjs.org/pgpass/-/pgpass-1.0.2.tgz",
			"integrity": "sha1-Knu0G2BltnkH6R2hsHwYR8h3swY=",
			"requires": {
				"split": "1.0.1"
			}
		},
		"postgres-array": {
			"version": "1.0.2",
			"resolved": "https://registry.npmjs.org/postgres-array/-/postgres-array-1.0.2.tgz",
			"integrity": "sha1-jgsy6wO/d6XAp4UeBEHBaaJWojg="
		},
		"postgres-bytea": {
			"version": "1.0.0",
			"resolved": "https://registry.npmjs.org/postgres-bytea/-/postgres-bytea-1.0.0.tgz",
			"integrity": "sha1-AntTPAqokOJtFy1Hz5zOzFIazTU="
		},
		"postgres-date": {
			"version": "1.0.3",
			"resolved": "https://registry.npmjs.org/postgres-date/-/postgres-date-1.0.3.tgz",
			"integrity": "sha1-4tiXAu/bJY/52c7g/pG9BpdSV6g="
		},
		"postgres-interval": {
			"version": "1.1.1",
			"resolved": "https://registry.npmjs.org/postgres-interval/-/postgres-interval-1.1.1.tgz",
			"integrity": "sha512-OkuCi9t/3CZmeQreutGgx/OVNv9MKHGIT5jH8KldQ4NLYXkvmT9nDVxEuCENlNwhlGPE374oA/xMqn05G49pHA==",
			"requires": {
				"xtend": "4.0.1"
			}
		},
		"printj": {
			"version": "1.1.0",
			"resolved": "https://registry.npmjs.org/printj/-/printj-1.1.0.tgz",
			"integrity": "sha512-NbiNBOQ0GioHyeD3ni8wZB7ZmfU7mxIrqhWR5XSreX3rUVvk5UOwpzxOnWqrLdCtoBbdQ40sEwC+nXxxjlUo0A=="
		},
		"process-nextick-args": {
			"version": "1.0.7",
			"resolved": "https://registry.npmjs.org/process-nextick-args/-/process-nextick-args-1.0.7.tgz",
			"integrity": "sha1-FQ4gt1ZZCtP5EJPyWk8q2L/zC6M="
		},
		"promise": {
			"version": "7.3.1",
			"resolved": "https://registry.npmjs.org/promise/-/promise-7.3.1.tgz",
			"integrity": "sha512-nolQXZ/4L+bP/UGlkfaIujX9BKxGwmQ9OT4mOt5yvy8iK1h3wqTEJCijzGANTCCl9nWjY41juyAn2K3Q1hLLTg==",
			"requires": {
				"asap": "2.0.6"
			}
		},
		"qs": {
			"version": "6.5.1",
			"resolved": "https://registry.npmjs.org/qs/-/qs-6.5.1.tgz",
			"integrity": "sha512-eRzhrN1WSINYCDCbrz796z37LOe3m5tmW7RQf6oBntukAG1nmovJvhnwHHRMAfeoItc1m2Hk02WER2aQ/iqs+A=="
		},
		"readable-stream": {
			"version": "2.3.3",
			"resolved": "https://registry.npmjs.org/readable-stream/-/readable-stream-2.3.3.tgz",
			"integrity": "sha512-m+qzzcn7KUxEmd1gMbchF+Y2eIUbieUaxkWtptyHywrX0rE8QEYqPC07Vuy4Wm32/xE16NcdBctb8S0Xe/5IeQ==",
			"requires": {
				"core-util-is": "1.0.2",
				"inherits": "2.0.3",
				"isarray": "1.0.0",
				"process-nextick-args": "1.0.7",
				"safe-buffer": "5.1.1",
				"string_decoder": "1.0.3",
				"util-deprecate": "1.0.2"
			}
		},
		"safe-buffer": {
			"version": "5.1.1",
			"resolved": "https://registry.npmjs.org/safe-buffer/-/safe-buffer-5.1.1.tgz",
			"integrity": "sha512-kKvNJn6Mm93gAczWVJg7wH+wGYWNrDHdWvpUmHyEsgCtIwwo3bqPtV4tR5tuPaUhTOo/kvhVwd8XwwOllGYkbg=="
		},
		"semver": {
			"version": "4.3.2",
			"resolved": "https://registry.npmjs.org/semver/-/semver-4.3.2.tgz",
			"integrity": "sha1-x6BxWKgL7dBSNVt3DYLWZA+AO+c="
		},
		"spex": {
			"version": "2.0.0",
			"resolved": "https://registry.npmjs.org/spex/-/spex-2.0.0.tgz",
			"integrity": "sha512-5npYBLvs/phhZXj0tDylT0FAOihrQF8/2vYPuvrSOyskJ16a800DsLayjcCAuSYj4+MvsFu0ETPvGaVTlq0urQ=="
		},
		"split": {
			"version": "1.0.1",
			"resolved": "https://registry.npmjs.org/split/-/split-1.0.1.tgz",
			"integrity": "sha512-mTyOoPbrivtXnwnIxZRFYRrPNtEFKlpB2fvjSnCQUiAA6qAZzqwna5envK4uk6OIeP17CsdF3rSBGYVBsU0Tkg==",
			"requires": {
				"through": "2.3.8"
			}
		},
		"ssf": {
			"version": "0.10.1",
			"resolved": "https://registry.npmjs.org/ssf/-/ssf-0.10.1.tgz",
			"integrity": "sha1-8j2CtjeS71YIkInBzQyEjpEc26Y=",
			"requires": {
				"frac": "1.1.0"
			}
		},
		"string_decoder": {
			"version": "1.0.3",
			"resolved": "https://registry.npmjs.org/string_decoder/-/string_decoder-1.0.3.tgz",
			"integrity": "sha512-4AH6Z5fzNNBcH+6XDMfA/BTt87skxqJlO0lAh3Dker5zThcAxG6mKz+iGu308UKoPPQ8Dcqx/4JhujzltRa+hQ==",
			"requires": {
				"safe-buffer": "5.1.1"
			}
		},
		"sync-request": {
			"version": "4.1.0",
			"resolved": "https://registry.npmjs.org/sync-request/-/sync-request-4.1.0.tgz",
			"integrity": "sha512-iFbOBWYaznBNbheIKaMkj+3EabpEsXbuwcTVuYkRjoav+Om5L8VXXLIXms0cHxkouXMRCQaSfhfau9/HyIbM2Q==",
			"requires": {
				"command-exists": "1.2.2",
				"concat-stream": "1.6.0",
				"get-port": "3.2.0",
				"http-response-object": "1.1.0",
				"then-request": "2.2.0"
			}
		},
		"then-request": {
			"version": "2.2.0",
			"resolved": "https://registry.npmjs.org/then-request/-/then-request-2.2.0.tgz",
			"integrity": "sha1-ZnizL6DKIY/laZgbvYhxtZQGDYE=",
			"requires": {
				"caseless": "0.11.0",
				"concat-stream": "1.6.0",
				"http-basic": "2.5.1",
				"http-response-object": "1.1.0",
				"promise": "7.3.1",
				"qs": "6.5.1"
			}
		},
		"through": {
			"version": "2.3.8",
			"resolved": "https://registry.npmjs.org/through/-/through-2.3.8.tgz",
			"integrity": "sha1-DdTJ/6q8NXlgsbckEV1+Doai4fU="
		},
		"typedarray": {
			"version": "0.0.6",
			"resolved": "https://registry.npmjs.org/typedarray/-/typedarray-0.0.6.tgz",
			"integrity": "sha1-hnrHTjhkGHsdPUfZlqeOxciDB3c="
		},
		"util-deprecate": {
			"version": "1.0.2",
			"resolved": "https://registry.npmjs.org/util-deprecate/-/util-deprecate-1.0.2.tgz",
			"integrity": "sha1-RQ1Nyfpw3nMnYvvS1KKJgUGaDM8="
		},
		"voc": {
			"version": "1.0.0",
			"resolved": "https://registry.npmjs.org/voc/-/voc-1.0.0.tgz",
			"integrity": "sha512-mQwxWlK+zosxxDTqiFb9ZQBNgd794scgkhVwca7h9sEhvA52f3VzbOK+TOWeS8eSrFXnfuKrxElSPc5oLAetfw=="
		},
		"xlsx": {
			"version": "0.11.5",
			"resolved": "https://registry.npmjs.org/xlsx/-/xlsx-0.11.5.tgz",
			"integrity": "sha1-jGbNlxQL4HLj3TINErqgmWic63Q=",
			"requires": {
				"adler-32": "1.1.0",
				"cfb": "0.13.1",
				"codepage": "1.11.0",
				"commander": "2.11.0",
				"crc-32": "1.1.1",
				"exit-on-epipe": "1.0.1",
				"ssf": "0.10.1"
			}
		},
		"xtend": {
			"version": "4.0.1",
			"resolved": "https://registry.npmjs.org/xtend/-/xtend-4.0.1.tgz",
			"integrity": "sha1-pcbVMr5lbiPbgg77lDofBJmNY68="
		}
	}
}
